
Microsoft Visual Studio Solution File, Format Version 12.00
# Visual Studio Version 17
VisualStudioVersion = 17.5.33414.496
MinimumVisualStudioVersion = 10.0.40219.1
Project("{FAE04EC0-301F-11D3-BF4B-00C04F79EFBC}") = "P01ProgramowanieObiektowe", "P01ProgramowanieObiektowe\P01ProgramowanieObiektowe.csproj", "{A8154EAD-B090-4019-8489-F4D0A6859231}"
EndProject
Project("{FAE04EC0-301F-11D3-BF4B-00C04F79EFBC}") = "P02Dziedziczenie", "P02Dziedziczenie\P02Dziedziczenie.csproj", "{0D3FA8E5-9FEF-465D-B4F4-772757FEE010}"
EndProject
Project("{FAE04EC0-301F-11D3-BF4B-00C04F79EFBC}") = "P03DziedziczenieZadanie", "P03DziedziczenieZadanie\P03DziedziczenieZadanie.csproj", "{FDCF1C25-8E71-4819-9A86-80B628DAE903}"
EndProject
Project("{FAE04EC0-301F-11D3-BF4B-00C04F79EFBC}") = "P04Interfejsy", "P04Interfejsy\P04Interfejsy.csproj", "{5396027D-004E-44D1-9F82-1A6290E982BE}"
EndProject
Project("{FAE04EC0-301F-11D3-BF4B-00C04F79EFBC}") = "P05Intrefejsy", "P05Intrefejsy\P05Intrefejsy.csproj", "{70D0404B-D6F5-435F-BA84-008E044CC31A}"
EndProject
Project("{FAE04EC0-301F-11D3-BF4B-00C04F79EFBC}") = "P06Interfejsy", "P06Interfejsy\P06Interfejsy.csproj", "{8F092E44-BFBB-4FFF-949D-07F520290B75}"
EndProject
Global
	GlobalSection(SolutionConfigurationPlatforms) = preSolution
		Debug|Any CPU = Debug|Any CPU
		Release|Any CPU = Release|Any CPU
	EndGlobalSection
	GlobalSection(ProjectConfigurationPlatforms) = postSolution
		{A8154EAD-B090-4019-8489-F4D0A6859231}.Debug|Any CPU.ActiveCfg = Debug|Any CPU
		{A8154EAD-B090-4019-8489-F4D0A6859231}.Debug|Any CPU.Build.0 = Debug|Any CPU
		{A8154EAD-B090-4019-8489-F4D0A6859231}.Release|Any CPU.ActiveCfg = Release|Any CPU
		{A8154EAD-B090-4019-8489-F4D0A6859231}.Release|Any CPU.Build.0 = Release|Any CPU
		{0D3FA8E5-9FEF-465D-B4F4-772757FEE010}.Debug|Any CPU.ActiveCfg = Debug|Any CPU
		{0D3FA8E5-9FEF-465D-B4F4-772757FEE010}.Debug|Any CPU.Build.0 = Debug|Any CPU
		{0D3FA8E5-9FEF-465D-B4F4-772757FEE010}.Release|Any CPU.ActiveCfg = Release|Any CPU
		{0D3FA8E5-9FEF-465D-B4F4-772757FEE010}.Release|Any CPU.Build.0 = Release|Any CPU
		{FDCF1C25-8E71-4819-9A86-80B628DAE903}.Debug|Any CPU.ActiveCfg = Debug|Any CPU
		{FDCF1C25-8E71-4819-9A86-80B628DAE903}.Debug|Any CPU.Build.0 = Debug|Any CPU
		{FDCF1C25-8E71-4819-9A86-80B628DAE903}.Release|Any CPU.ActiveCfg = Release|Any CPU
		{FDCF1C25-8E71-4819-9A86-80B628DAE903}.Release|Any CPU.Build.0 = Release|Any CPU
		{5396027D-004E-44D1-9F82-1A6290E982BE}.Debug|Any CPU.ActiveCfg = Debug|Any CPU
		{5396027D-004E-44D1-9F82-1A6290E982BE}.Debug|Any CPU.Build.0 = Debug|Any CPU
		{5396027D-004E-44D1-9F82-1A6290E982BE}.Release|Any CPU.ActiveCfg = Release|Any CPU
		{5396027D-004E-44D1-9F82-1A6290E982BE}.Release|Any CPU.Build.0 = Release|Any CPU
		{70D0404B-D6F5-435F-BA84-008E044CC31A}.Debug|Any CPU.ActiveCfg = Debug|Any CPU
		{70D0404B-D6F5-435F-BA84-008E044CC31A}.Debug|Any CPU.Build.0 = Debug|Any CPU
		{70D0404B-D6F5-435F-BA84-008E044CC31A}.Release|Any CPU.ActiveCfg = Release|Any CPU
		{70D0404B-D6F5-435F-BA84-008E044CC31A}.Release|Any CPU.Build.0 = Release|Any CPU
		{8F092E44-BFBB-4FFF-949D-07F520290B75}.Debug|Any CPU.ActiveCfg = Debug|Any CPU
		{8F092E44-BFBB-4FFF-949D-07F520290B75}.Debug|Any CPU.Build.0 = Debug|Any CPU
		{8F092E44-BFBB-4FFF-949D-07F520290B75}.Release|Any CPU.ActiveCfg = Release|Any CPU
		{8F092E44-BFBB-4FFF-949D-07F520290B75}.Release|Any CPU.Build.0 = Release|Any CPU
	EndGlobalSection
	GlobalSection(SolutionProperties) = preSolution
		HideSolutionNode = FALSE
	EndGlobalSection
	GlobalSection(ExtensibilityGlobals) = postSolution
		SolutionGuid = {39AF98F5-2B92-4CB2-945C-5B73270DFD26}
	EndGlobalSection
EndGlobal
